
Microsoft Visual Studio Solution File, Format Version 12.00
# Visual Studio 2013
VisualStudioVersion = 12.0.31101.0
MinimumVisualStudioVersion = 10.0.40219.1
Project("{FAE04EC0-301F-11D3-BF4B-00C04F79EFBC}") = "LagSpike", "LagSpike\LagSpike\LagSpike.csproj", "{D01B2BB3-B5EE-425E-86DD-F8B1FCF790C1}"
EndProject
Project("{FAE04EC0-301F-11D3-BF4B-00C04F79EFBC}") = "LagSpikeContent", "LagSpike\LagSpikeContent\LagSpikeContent.contentproj", "{4A7F70DE-C32C-455C-9CC2-A8F29F79D49C}"
EndProject
Project("{FAE04EC0-301F-11D3-BF4B-00C04F79EFBC}") = "Lidgren.Network", "Lidgren.Network\Lidgren.Network.csproj", "{49BA1C69-6104-41AC-A5D8-B54FA9F696E8}"
EndProject
Project("{FAE04EC0-301F-11D3-BF4B-00C04F79EFBC}") = "LagSpike Server", "LagSpike Server\LagSpike Server.csproj", "{AED9D786-F81D-4888-B700-6355E6147543}"
EndProject
Global
	GlobalSection(SolutionConfigurationPlatforms) = preSolution
		Debug|Any CPU = Debug|Any CPU
		Debug|Mixed Platforms = Debug|Mixed Platforms
		Debug|x86 = Debug|x86
		Release|Any CPU = Release|Any CPU
		Release|Mixed Platforms = Release|Mixed Platforms
		Release|x86 = Release|x86
	EndGlobalSection
	GlobalSection(ProjectConfigurationPlatforms) = postSolution
		{D01B2BB3-B5EE-425E-86DD-F8B1FCF790C1}.Debug|Any CPU.ActiveCfg = Debug|x86
		{D01B2BB3-B5EE-425E-86DD-F8B1FCF790C1}.Debug|Mixed Platforms.ActiveCfg = Debug|x86
		{D01B2BB3-B5EE-425E-86DD-F8B1FCF790C1}.Debug|Mixed Platforms.Build.0 = Debug|x86
		{D01B2BB3-B5EE-425E-86DD-F8B1FCF790C1}.Debug|x86.ActiveCfg = Debug|x86
		{D01B2BB3-B5EE-425E-86DD-F8B1FCF790C1}.Debug|x86.Build.0 = Debug|x86
		{D01B2BB3-B5EE-425E-86DD-F8B1FCF790C1}.Release|Any CPU.ActiveCfg = Release|x86
		{D01B2BB3-B5EE-425E-86DD-F8B1FCF790C1}.Release|Mixed Platforms.ActiveCfg = Release|x86
		{D01B2BB3-B5EE-425E-86DD-F8B1FCF790C1}.Release|Mixed Platforms.Build.0 = Release|x86
		{D01B2BB3-B5EE-425E-86DD-F8B1FCF790C1}.Release|x86.ActiveCfg = Release|x86
		{D01B2BB3-B5EE-425E-86DD-F8B1FCF790C1}.Release|x86.Build.0 = Release|x86
		{4A7F70DE-C32C-455C-9CC2-A8F29F79D49C}.Debug|Any CPU.ActiveCfg = Debug|x86
		{4A7F70DE-C32C-455C-9CC2-A8F29F79D49C}.Debug|Mixed Platforms.ActiveCfg = Debug|x86
		{4A7F70DE-C32C-455C-9CC2-A8F29F79D49C}.Debug|x86.ActiveCfg = Debug|x86
		{4A7F70DE-C32C-455C-9CC2-A8F29F79D49C}.Release|Any CPU.ActiveCfg = Release|x86
		{4A7F70DE-C32C-455C-9CC2-A8F29F79D49C}.Release|Mixed Platforms.ActiveCfg = Release|x86
		{4A7F70DE-C32C-455C-9CC2-A8F29F79D49C}.Release|x86.ActiveCfg = Release|x86
		{49BA1C69-6104-41AC-A5D8-B54FA9F696E8}.Debug|Any CPU.ActiveCfg = Debug|Any CPU
		{49BA1C69-6104-41AC-A5D8-B54FA9F696E8}.Debug|Any CPU.Build.0 = Debug|Any CPU
		{49BA1C69-6104-41AC-A5D8-B54FA9F696E8}.Debug|Mixed Platforms.ActiveCfg = Debug|Any CPU
		{49BA1C69-6104-41AC-A5D8-B54FA9F696E8}.Debug|Mixed Platforms.Build.0 = Debug|Any CPU
		{49BA1C69-6104-41AC-A5D8-B54FA9F696E8}.Debug|x86.ActiveCfg = Debug|Any CPU
		{49BA1C69-6104-41AC-A5D8-B54FA9F696E8}.Release|Any CPU.ActiveCfg = Release|Any CPU
		{49BA1C69-6104-41AC-A5D8-B54FA9F696E8}.Release|Any CPU.Build.0 = Release|Any CPU
		{49BA1C69-6104-41AC-A5D8-B54FA9F696E8}.Release|Mixed Platforms.ActiveCfg = Release|Any CPU
		{49BA1C69-6104-41AC-A5D8-B54FA9F696E8}.Release|Mixed Platforms.Build.0 = Release|Any CPU
		{49BA1C69-6104-41AC-A5D8-B54FA9F696E8}.Release|x86.ActiveCfg = Release|Any CPU
		{AED9D786-F81D-4888-B700-6355E6147543}.Debug|Any CPU.ActiveCfg = Debug|Any CPU
		{AED9D786-F81D-4888-B700-6355E6147543}.Debug|Any CPU.Build.0 = Debug|Any CPU
		{AED9D786-F81D-4888-B700-6355E6147543}.Debug|Mixed Platforms.ActiveCfg = Debug|Any CPU
		{AED9D786-F81D-4888-B700-6355E6147543}.Debug|Mixed Platforms.Build.0 = Debug|Any CPU
		{AED9D786-F81D-4888-B700-6355E6147543}.Debug|x86.ActiveCfg = Debug|Any CPU
		{AED9D786-F81D-4888-B700-6355E6147543}.Release|Any CPU.ActiveCfg = Release|Any CPU
		{AED9D786-F81D-4888-B700-6355E6147543}.Release|Any CPU.Build.0 = Release|Any CPU
		{AED9D786-F81D-4888-B700-6355E6147543}.Release|Mixed Platforms.ActiveCfg = Release|Any CPU
		{AED9D786-F81D-4888-B700-6355E6147543}.Release|Mixed Platforms.Build.0 = Release|Any CPU
		{AED9D786-F81D-4888-B700-6355E6147543}.Release|x86.ActiveCfg = Release|Any CPU
	EndGlobalSection
	GlobalSection(SolutionProperties) = preSolution
		HideSolutionNode = FALSE
	EndGlobalSection
EndGlobal
